
Microsoft Visual Studio Solution File, Format Version 12.00
# Visual Studio 2017
Project("{FAE04EC0-301F-11D3-BF4B-00C04F79EFBC}") = "Cert3Project2", "Cert3Project2.csproj", "{BE1A0169-62B6-E7E5-FC2D-82B0E54814DF}"
EndProject
Global
	GlobalSection(SolutionConfigurationPlatforms) = preSolution
		Debug|Any CPU = Debug|Any CPU
		Release|Any CPU = Release|Any CPU
	EndGlobalSection
	GlobalSection(ProjectConfigurationPlatforms) = postSolution
		{BE1A0169-62B6-E7E5-FC2D-82B0E54814DF}.Debug|Any CPU.ActiveCfg = Debug|Any CPU
		{BE1A0169-62B6-E7E5-FC2D-82B0E54814DF}.Debug|Any CPU.Build.0 = Debug|Any CPU
		{BE1A0169-62B6-E7E5-FC2D-82B0E54814DF}.Release|Any CPU.ActiveCfg = Release|Any CPU
		{BE1A0169-62B6-E7E5-FC2D-82B0E54814DF}.Release|Any CPU.Build.0 = Release|Any CPU
	EndGlobalSection
	GlobalSection(SolutionProperties) = preSolution
		HideSolutionNode = FALSE
	EndGlobalSection
EndGlobal
