
Microsoft Visual Studio Solution File, Format Version 12.00
# Visual Studio 2017
Project("{FAE04EC0-301F-11D3-BF4B-00C04F79EFBC}") = "eggg", "eggg.csproj", "{37B6E82A-796D-FFCD-C0AF-D40D04DCCD0D}"
EndProject
Project("{FAE04EC0-301F-11D3-BF4B-00C04F79EFBC}") = "eggg.Editor", "eggg.Editor.csproj", "{EF1DC9A3-E3B1-2F07-28B5-B8F0F89FF84B}"
EndProject
Global
	GlobalSection(SolutionConfigurationPlatforms) = preSolution
		Debug|Any CPU = Debug|Any CPU
		Release|Any CPU = Release|Any CPU
	EndGlobalSection
	GlobalSection(ProjectConfigurationPlatforms) = postSolution
		{37B6E82A-796D-FFCD-C0AF-D40D04DCCD0D}.Debug|Any CPU.ActiveCfg = Debug|Any CPU
		{37B6E82A-796D-FFCD-C0AF-D40D04DCCD0D}.Debug|Any CPU.Build.0 = Debug|Any CPU
		{37B6E82A-796D-FFCD-C0AF-D40D04DCCD0D}.Release|Any CPU.ActiveCfg = Release|Any CPU
		{37B6E82A-796D-FFCD-C0AF-D40D04DCCD0D}.Release|Any CPU.Build.0 = Release|Any CPU
		{EF1DC9A3-E3B1-2F07-28B5-B8F0F89FF84B}.Debug|Any CPU.ActiveCfg = Debug|Any CPU
		{EF1DC9A3-E3B1-2F07-28B5-B8F0F89FF84B}.Debug|Any CPU.Build.0 = Debug|Any CPU
		{EF1DC9A3-E3B1-2F07-28B5-B8F0F89FF84B}.Release|Any CPU.ActiveCfg = Release|Any CPU
		{EF1DC9A3-E3B1-2F07-28B5-B8F0F89FF84B}.Release|Any CPU.Build.0 = Release|Any CPU
	EndGlobalSection
	GlobalSection(SolutionProperties) = preSolution
		HideSolutionNode = FALSE
	EndGlobalSection
EndGlobal
